
Microsoft Visual Studio Solution File, Format Version 12.00
# Visual Studio 14
VisualStudioVersion = 14.0.23107.0
MinimumVisualStudioVersion = 10.0.40219.1
Project("{2150E333-8FDC-42A3-9474-1A3956D46DE8}") = "Engine", "Engine", "{90DE69CF-2B2D-47B9-9051-7EA5CB793101}"
	ProjectSection(SolutionItems) = preProject
		Code\Engine\Windows\Includes.h = Code\Engine\Windows\Includes.h
	EndProjectSection
EndProject
Project("{2150E333-8FDC-42A3-9474-1A3956D46DE8}") = "Tools", "Tools", "{6B899BD4-DED1-4FA4-8977-2E9B833A28C0}"
EndProject
Project("{2150E333-8FDC-42A3-9474-1A3956D46DE8}") = "Game", "Game", "{3E9A6AD6-687B-4EF6-9B62-FD2FFD53AF19}"
EndProject
Project("{8BC9CEB8-8B4A-11D0-8D11-00A0C91BC942}") = "AssetBuilder", "Code\Tools\AssetBuilder\AssetBuilder.vcxproj", "{ABF804FE-993A-43E2-A242-F3090A290B12}"
	ProjectSection(ProjectDependencies) = postProject
		{667D20A5-AE0C-46C3-AD0D-EB86AFA01814} = {667D20A5-AE0C-46C3-AD0D-EB86AFA01814}
		{5F8004A7-75AD-49AC-85C7-96D9B9F19533} = {5F8004A7-75AD-49AC-85C7-96D9B9F19533}
		{45CDCFF0-7F57-457F-9706-C3C15E7EA597} = {45CDCFF0-7F57-457F-9706-C3C15E7EA597}
	EndProjectSection
EndProject
Project("{8BC9CEB8-8B4A-11D0-8D11-00A0C91BC942}") = "BuildAssets", "Code\Game\BuildAssets\BuildAssets.vcxproj", "{3670C64E-AAA0-4056-BF89-744D0276F609}"
	ProjectSection(ProjectDependencies) = postProject
		{C9BDAC7C-C59A-4367-A21D-0FEDABB93012} = {C9BDAC7C-C59A-4367-A21D-0FEDABB93012}
		{188308ED-BF82-42CA-82C5-E59F94F5D9CB} = {188308ED-BF82-42CA-82C5-E59F94F5D9CB}
		{ABF804FE-993A-43E2-A242-F3090A290B12} = {ABF804FE-993A-43E2-A242-F3090A290B12}
	EndProjectSection
EndProject
Project("{8BC9CEB8-8B4A-11D0-8D11-00A0C91BC942}") = "Game", "Code\Game\Game\Game.vcxproj", "{433FF686-9527-4C97-8EF4-060152A428B5}"
	ProjectSection(ProjectDependencies) = postProject
		{3670C64E-AAA0-4056-BF89-744D0276F609} = {3670C64E-AAA0-4056-BF89-744D0276F609}
		{F723F575-2880-414B-81E2-91D5A94D6D78} = {F723F575-2880-414B-81E2-91D5A94D6D78}
	EndProjectSection
EndProject
Project("{8BC9CEB8-8B4A-11D0-8D11-00A0C91BC942}") = "Graphics", "Code\Engine\Graphics\Graphics.vcxproj", "{F723F575-2880-414B-81E2-91D5A94D6D78}"
	ProjectSection(ProjectDependencies) = postProject
		{3BAFE54D-2980-4739-A207-D41F6AD991A6} = {3BAFE54D-2980-4739-A207-D41F6AD991A6}
		{C95A0086-DA16-4D42-AC65-0CBC61E2F8F1} = {C95A0086-DA16-4D42-AC65-0CBC61E2F8F1}
		{667D20A5-AE0C-46C3-AD0D-EB86AFA01814} = {667D20A5-AE0C-46C3-AD0D-EB86AFA01814}
	EndProjectSection
EndProject
Project("{8BC9CEB8-8B4A-11D0-8D11-00A0C91BC942}") = "UserOutput", "Code\Engine\UserOutput\UserOutput.vcxproj", "{3BAFE54D-2980-4739-A207-D41F6AD991A6}"
EndProject
Project("{8BC9CEB8-8B4A-11D0-8D11-00A0C91BC942}") = "Windows", "Code\Engine\Windows\Windows.vcxproj", "{667D20A5-AE0C-46C3-AD0D-EB86AFA01814}"
EndProject
Project("{2150E333-8FDC-42A3-9474-1A3956D46DE8}") = "External", "External", "{5B3B2F63-B0D3-41C9-8682-CC6D485F8AF5}"
EndProject
Project("{8BC9CEB8-8B4A-11D0-8D11-00A0C91BC942}") = "OpenGlExtensions", "Code\External\OpenGlExtensions\OpenGlExtensions.vcxproj", "{C95A0086-DA16-4D42-AC65-0CBC61E2F8F1}"
EndProject
Project("{8BC9CEB8-8B4A-11D0-8D11-00A0C91BC942}") = "Lua", "Code\External\Lua\Lua.vcxproj", "{45CDCFF0-7F57-457F-9706-C3C15E7EA597}"
EndProject
Project("{8BC9CEB8-8B4A-11D0-8D11-00A0C91BC942}") = "LuaC", "Code\External\Lua\LuaC.vcxproj", "{393119AF-5F33-4130-9BE8-8A59EEBED07E}"
	ProjectSection(ProjectDependencies) = postProject
		{45CDCFF0-7F57-457F-9706-C3C15E7EA597} = {45CDCFF0-7F57-457F-9706-C3C15E7EA597}
	EndProjectSection
EndProject
Project("{8BC9CEB8-8B4A-11D0-8D11-00A0C91BC942}") = "LuaExe", "Code\External\Lua\LuaExe.vcxproj", "{9653A255-0309-403F-9193-DE569343011F}"
	ProjectSection(ProjectDependencies) = postProject
		{45CDCFF0-7F57-457F-9706-C3C15E7EA597} = {45CDCFF0-7F57-457F-9706-C3C15E7EA597}
	EndProjectSection
EndProject
Project("{2150E333-8FDC-42A3-9474-1A3956D46DE8}") = "LuaExternals", "LuaExternals", "{4D385BB1-3DC5-47B8-9FDC-5159B7BCD4E9}"
EndProject
Project("{8BC9CEB8-8B4A-11D0-8D11-00A0C91BC942}") = "BuilderHelper", "Code\Tools\BuilderHelper\BuilderHelper.vcxproj", "{5F8004A7-75AD-49AC-85C7-96D9B9F19533}"
EndProject
Project("{8BC9CEB8-8B4A-11D0-8D11-00A0C91BC942}") = "GenericBuilder", "Code\Tools\GenericBuilder\GenericBuilder.vcxproj", "{C9BDAC7C-C59A-4367-A21D-0FEDABB93012}"
	ProjectSection(ProjectDependencies) = postProject
		{667D20A5-AE0C-46C3-AD0D-EB86AFA01814} = {667D20A5-AE0C-46C3-AD0D-EB86AFA01814}
		{5F8004A7-75AD-49AC-85C7-96D9B9F19533} = {5F8004A7-75AD-49AC-85C7-96D9B9F19533}
	EndProjectSection
EndProject
Project("{8BC9CEB8-8B4A-11D0-8D11-00A0C91BC942}") = "MeshBuilder", "Code\Tools\MeshBuilder\MeshBuilder.vcxproj", "{188308ED-BF82-42CA-82C5-E59F94F5D9CB}"
	ProjectSection(ProjectDependencies) = postProject
		{667D20A5-AE0C-46C3-AD0D-EB86AFA01814} = {667D20A5-AE0C-46C3-AD0D-EB86AFA01814}
		{5F8004A7-75AD-49AC-85C7-96D9B9F19533} = {5F8004A7-75AD-49AC-85C7-96D9B9F19533}
		{45CDCFF0-7F57-457F-9706-C3C15E7EA597} = {45CDCFF0-7F57-457F-9706-C3C15E7EA597}
	EndProjectSection
EndProject
Global
	GlobalSection(SolutionConfigurationPlatforms) = preSolution
		Debug|Direct3D_64 = Debug|Direct3D_64
		Debug|OpenGL_32 = Debug|OpenGL_32
		Debug|x64 = Debug|x64
		Debug|x86 = Debug|x86
		Release|Direct3D_64 = Release|Direct3D_64
		Release|OpenGL_32 = Release|OpenGL_32
		Release|x64 = Release|x64
		Release|x86 = Release|x86
	EndGlobalSection
	GlobalSection(ProjectConfigurationPlatforms) = postSolution
		{ABF804FE-993A-43E2-A242-F3090A290B12}.Debug|Direct3D_64.ActiveCfg = Debug|x64
		{ABF804FE-993A-43E2-A242-F3090A290B12}.Debug|Direct3D_64.Build.0 = Debug|x64
		{ABF804FE-993A-43E2-A242-F3090A290B12}.Debug|OpenGL_32.ActiveCfg = Debug|Win32
		{ABF804FE-993A-43E2-A242-F3090A290B12}.Debug|OpenGL_32.Build.0 = Debug|Win32
		{ABF804FE-993A-43E2-A242-F3090A290B12}.Debug|x64.ActiveCfg = Debug|x64
		{ABF804FE-993A-43E2-A242-F3090A290B12}.Debug|x64.Build.0 = Debug|x64
		{ABF804FE-993A-43E2-A242-F3090A290B12}.Debug|x86.ActiveCfg = Debug|Win32
		{ABF804FE-993A-43E2-A242-F3090A290B12}.Debug|x86.Build.0 = Debug|Win32
		{ABF804FE-993A-43E2-A242-F3090A290B12}.Release|Direct3D_64.ActiveCfg = Release|x64
		{ABF804FE-993A-43E2-A242-F3090A290B12}.Release|Direct3D_64.Build.0 = Release|x64
		{ABF804FE-993A-43E2-A242-F3090A290B12}.Release|OpenGL_32.ActiveCfg = Release|Win32
		{ABF804FE-993A-43E2-A242-F3090A290B12}.Release|OpenGL_32.Build.0 = Release|Win32
		{ABF804FE-993A-43E2-A242-F3090A290B12}.Release|x64.ActiveCfg = Release|x64
		{ABF804FE-993A-43E2-A242-F3090A290B12}.Release|x64.Build.0 = Release|x64
		{ABF804FE-993A-43E2-A242-F3090A290B12}.Release|x86.ActiveCfg = Release|Win32
		{ABF804FE-993A-43E2-A242-F3090A290B12}.Release|x86.Build.0 = Release|Win32
		{3670C64E-AAA0-4056-BF89-744D0276F609}.Debug|Direct3D_64.ActiveCfg = Debug|x64
		{3670C64E-AAA0-4056-BF89-744D0276F609}.Debug|Direct3D_64.Build.0 = Debug|x64
		{3670C64E-AAA0-4056-BF89-744D0276F609}.Debug|OpenGL_32.ActiveCfg = Debug|Win32
		{3670C64E-AAA0-4056-BF89-744D0276F609}.Debug|OpenGL_32.Build.0 = Debug|Win32
		{3670C64E-AAA0-4056-BF89-744D0276F609}.Debug|x64.ActiveCfg = Debug|x64
		{3670C64E-AAA0-4056-BF89-744D0276F609}.Debug|x64.Build.0 = Debug|x64
		{3670C64E-AAA0-4056-BF89-744D0276F609}.Debug|x86.ActiveCfg = Debug|Win32
		{3670C64E-AAA0-4056-BF89-744D0276F609}.Debug|x86.Build.0 = Debug|Win32
		{3670C64E-AAA0-4056-BF89-744D0276F609}.Release|Direct3D_64.ActiveCfg = Release|x64
		{3670C64E-AAA0-4056-BF89-744D0276F609}.Release|Direct3D_64.Build.0 = Release|x64
		{3670C64E-AAA0-4056-BF89-744D0276F609}.Release|OpenGL_32.ActiveCfg = Release|Win32
		{3670C64E-AAA0-4056-BF89-744D0276F609}.Release|OpenGL_32.Build.0 = Release|Win32
		{3670C64E-AAA0-4056-BF89-744D0276F609}.Release|x64.ActiveCfg = Release|x64
		{3670C64E-AAA0-4056-BF89-744D0276F609}.Release|x64.Build.0 = Release|x64
		{3670C64E-AAA0-4056-BF89-744D0276F609}.Release|x86.ActiveCfg = Release|Win32
		{3670C64E-AAA0-4056-BF89-744D0276F609}.Release|x86.Build.0 = Release|Win32
		{433FF686-9527-4C97-8EF4-060152A428B5}.Debug|Direct3D_64.ActiveCfg = Debug|x64
		{433FF686-9527-4C97-8EF4-060152A428B5}.Debug|Direct3D_64.Build.0 = Debug|x64
		{433FF686-9527-4C97-8EF4-060152A428B5}.Debug|OpenGL_32.ActiveCfg = Debug|Win32
		{433FF686-9527-4C97-8EF4-060152A428B5}.Debug|OpenGL_32.Build.0 = Debug|Win32
		{433FF686-9527-4C97-8EF4-060152A428B5}.Debug|x64.ActiveCfg = Debug|x64
		{433FF686-9527-4C97-8EF4-060152A428B5}.Debug|x64.Build.0 = Debug|x64
		{433FF686-9527-4C97-8EF4-060152A428B5}.Debug|x86.ActiveCfg = Debug|Win32
		{433FF686-9527-4C97-8EF4-060152A428B5}.Debug|x86.Build.0 = Debug|Win32
		{433FF686-9527-4C97-8EF4-060152A428B5}.Release|Direct3D_64.ActiveCfg = Release|x64
		{433FF686-9527-4C97-8EF4-060152A428B5}.Release|Direct3D_64.Build.0 = Release|x64
		{433FF686-9527-4C97-8EF4-060152A428B5}.Release|OpenGL_32.ActiveCfg = Release|Win32
		{433FF686-9527-4C97-8EF4-060152A428B5}.Release|OpenGL_32.Build.0 = Release|Win32
		{433FF686-9527-4C97-8EF4-060152A428B5}.Release|x64.ActiveCfg = Release|x64
		{433FF686-9527-4C97-8EF4-060152A428B5}.Release|x64.Build.0 = Release|x64
		{433FF686-9527-4C97-8EF4-060152A428B5}.Release|x86.ActiveCfg = Release|Win32
		{433FF686-9527-4C97-8EF4-060152A428B5}.Release|x86.Build.0 = Release|Win32
		{F723F575-2880-414B-81E2-91D5A94D6D78}.Debug|Direct3D_64.ActiveCfg = Debug|x64
		{F723F575-2880-414B-81E2-91D5A94D6D78}.Debug|Direct3D_64.Build.0 = Debug|x64
		{F723F575-2880-414B-81E2-91D5A94D6D78}.Debug|OpenGL_32.ActiveCfg = Debug|Win32
		{F723F575-2880-414B-81E2-91D5A94D6D78}.Debug|OpenGL_32.Build.0 = Debug|Win32
		{F723F575-2880-414B-81E2-91D5A94D6D78}.Debug|x64.ActiveCfg = Debug|x64
		{F723F575-2880-414B-81E2-91D5A94D6D78}.Debug|x64.Build.0 = Debug|x64
		{F723F575-2880-414B-81E2-91D5A94D6D78}.Debug|x86.ActiveCfg = Debug|Win32
		{F723F575-2880-414B-81E2-91D5A94D6D78}.Debug|x86.Build.0 = Debug|Win32
		{F723F575-2880-414B-81E2-91D5A94D6D78}.Release|Direct3D_64.ActiveCfg = Release|x64
		{F723F575-2880-414B-81E2-91D5A94D6D78}.Release|Direct3D_64.Build.0 = Release|x64
		{F723F575-2880-414B-81E2-91D5A94D6D78}.Release|OpenGL_32.ActiveCfg = Release|Win32
		{F723F575-2880-414B-81E2-91D5A94D6D78}.Release|OpenGL_32.Build.0 = Release|Win32
		{F723F575-2880-414B-81E2-91D5A94D6D78}.Release|x64.ActiveCfg = Release|x64
		{F723F575-2880-414B-81E2-91D5A94D6D78}.Release|x64.Build.0 = Release|x64
		{F723F575-2880-414B-81E2-91D5A94D6D78}.Release|x86.ActiveCfg = Release|Win32
		{F723F575-2880-414B-81E2-91D5A94D6D78}.Release|x86.Build.0 = Release|Win32
		{3BAFE54D-2980-4739-A207-D41F6AD991A6}.Debug|Direct3D_64.ActiveCfg = Debug|x64
		{3BAFE54D-2980-4739-A207-D41F6AD991A6}.Debug|Direct3D_64.Build.0 = Debug|x64
		{3BAFE54D-2980-4739-A207-D41F6AD991A6}.Debug|OpenGL_32.ActiveCfg = Debug|Win32
		{3BAFE54D-2980-4739-A207-D41F6AD991A6}.Debug|OpenGL_32.Build.0 = Debug|Win32
		{3BAFE54D-2980-4739-A207-D41F6AD991A6}.Debug|x64.ActiveCfg = Debug|x64
		{3BAFE54D-2980-4739-A207-D41F6AD991A6}.Debug|x64.Build.0 = Debug|x64
		{3BAFE54D-2980-4739-A207-D41F6AD991A6}.Debug|x86.ActiveCfg = Debug|Win32
		{3BAFE54D-2980-4739-A207-D41F6AD991A6}.Debug|x86.Build.0 = Debug|Win32
		{3BAFE54D-2980-4739-A207-D41F6AD991A6}.Release|Direct3D_64.ActiveCfg = Release|x64
		{3BAFE54D-2980-4739-A207-D41F6AD991A6}.Release|Direct3D_64.Build.0 = Release|x64
		{3BAFE54D-2980-4739-A207-D41F6AD991A6}.Release|OpenGL_32.ActiveCfg = Release|Win32
		{3BAFE54D-2980-4739-A207-D41F6AD991A6}.Release|OpenGL_32.Build.0 = Release|Win32
		{3BAFE54D-2980-4739-A207-D41F6AD991A6}.Release|x64.ActiveCfg = Release|x64
		{3BAFE54D-2980-4739-A207-D41F6AD991A6}.Release|x64.Build.0 = Release|x64
		{3BAFE54D-2980-4739-A207-D41F6AD991A6}.Release|x86.ActiveCfg = Release|Win32
		{3BAFE54D-2980-4739-A207-D41F6AD991A6}.Release|x86.Build.0 = Release|Win32
		{667D20A5-AE0C-46C3-AD0D-EB86AFA01814}.Debug|Direct3D_64.ActiveCfg = Debug|x64
		{667D20A5-AE0C-46C3-AD0D-EB86AFA01814}.Debug|Direct3D_64.Build.0 = Debug|x64
		{667D20A5-AE0C-46C3-AD0D-EB86AFA01814}.Debug|OpenGL_32.ActiveCfg = Debug|Win32
		{667D20A5-AE0C-46C3-AD0D-EB86AFA01814}.Debug|OpenGL_32.Build.0 = Debug|Win32
		{667D20A5-AE0C-46C3-AD0D-EB86AFA01814}.Debug|x64.ActiveCfg = Debug|x64
		{667D20A5-AE0C-46C3-AD0D-EB86AFA01814}.Debug|x64.Build.0 = Debug|x64
		{667D20A5-AE0C-46C3-AD0D-EB86AFA01814}.Debug|x86.ActiveCfg = Debug|Win32
		{667D20A5-AE0C-46C3-AD0D-EB86AFA01814}.Debug|x86.Build.0 = Debug|Win32
		{667D20A5-AE0C-46C3-AD0D-EB86AFA01814}.Release|Direct3D_64.ActiveCfg = Release|x64
		{667D20A5-AE0C-46C3-AD0D-EB86AFA01814}.Release|Direct3D_64.Build.0 = Release|x64
		{667D20A5-AE0C-46C3-AD0D-EB86AFA01814}.Release|OpenGL_32.ActiveCfg = Release|Win32
		{667D20A5-AE0C-46C3-AD0D-EB86AFA01814}.Release|OpenGL_32.Build.0 = Release|Win32
		{667D20A5-AE0C-46C3-AD0D-EB86AFA01814}.Release|x64.ActiveCfg = Release|x64
		{667D20A5-AE0C-46C3-AD0D-EB86AFA01814}.Release|x64.Build.0 = Release|x64
		{667D20A5-AE0C-46C3-AD0D-EB86AFA01814}.Release|x86.ActiveCfg = Release|Win32
		{667D20A5-AE0C-46C3-AD0D-EB86AFA01814}.Release|x86.Build.0 = Release|Win32
		{C95A0086-DA16-4D42-AC65-0CBC61E2F8F1}.Debug|Direct3D_64.ActiveCfg = Debug|x64
		{C95A0086-DA16-4D42-AC65-0CBC61E2F8F1}.Debug|OpenGL_32.ActiveCfg = Debug|Win32
		{C95A0086-DA16-4D42-AC65-0CBC61E2F8F1}.Debug|OpenGL_32.Build.0 = Debug|Win32
		{C95A0086-DA16-4D42-AC65-0CBC61E2F8F1}.Debug|x64.ActiveCfg = Debug|x64
		{C95A0086-DA16-4D42-AC65-0CBC61E2F8F1}.Debug|x64.Build.0 = Debug|x64
		{C95A0086-DA16-4D42-AC65-0CBC61E2F8F1}.Debug|x86.ActiveCfg = Debug|Win32
		{C95A0086-DA16-4D42-AC65-0CBC61E2F8F1}.Debug|x86.Build.0 = Debug|Win32
		{C95A0086-DA16-4D42-AC65-0CBC61E2F8F1}.Release|Direct3D_64.ActiveCfg = Release|x64
		{C95A0086-DA16-4D42-AC65-0CBC61E2F8F1}.Release|OpenGL_32.ActiveCfg = Release|Win32
		{C95A0086-DA16-4D42-AC65-0CBC61E2F8F1}.Release|OpenGL_32.Build.0 = Release|Win32
		{C95A0086-DA16-4D42-AC65-0CBC61E2F8F1}.Release|x64.ActiveCfg = Release|x64
		{C95A0086-DA16-4D42-AC65-0CBC61E2F8F1}.Release|x64.Build.0 = Release|x64
		{C95A0086-DA16-4D42-AC65-0CBC61E2F8F1}.Release|x86.ActiveCfg = Release|Win32
		{C95A0086-DA16-4D42-AC65-0CBC61E2F8F1}.Release|x86.Build.0 = Release|Win32
		{45CDCFF0-7F57-457F-9706-C3C15E7EA597}.Debug|Direct3D_64.ActiveCfg = Debug|x64
		{45CDCFF0-7F57-457F-9706-C3C15E7EA597}.Debug|Direct3D_64.Build.0 = Debug|x64
		{45CDCFF0-7F57-457F-9706-C3C15E7EA597}.Debug|OpenGL_32.ActiveCfg = Debug|Win32
		{45CDCFF0-7F57-457F-9706-C3C15E7EA597}.Debug|OpenGL_32.Build.0 = Debug|Win32
		{45CDCFF0-7F57-457F-9706-C3C15E7EA597}.Debug|x64.ActiveCfg = Debug|x64
		{45CDCFF0-7F57-457F-9706-C3C15E7EA597}.Debug|x64.Build.0 = Debug|x64
		{45CDCFF0-7F57-457F-9706-C3C15E7EA597}.Debug|x86.ActiveCfg = Debug|Win32
		{45CDCFF0-7F57-457F-9706-C3C15E7EA597}.Debug|x86.Build.0 = Debug|Win32
		{45CDCFF0-7F57-457F-9706-C3C15E7EA597}.Release|Direct3D_64.ActiveCfg = Release|x64
		{45CDCFF0-7F57-457F-9706-C3C15E7EA597}.Release|Direct3D_64.Build.0 = Release|x64
		{45CDCFF0-7F57-457F-9706-C3C15E7EA597}.Release|OpenGL_32.ActiveCfg = Release|Win32
		{45CDCFF0-7F57-457F-9706-C3C15E7EA597}.Release|OpenGL_32.Build.0 = Release|Win32
		{45CDCFF0-7F57-457F-9706-C3C15E7EA597}.Release|x64.ActiveCfg = Release|x64
		{45CDCFF0-7F57-457F-9706-C3C15E7EA597}.Release|x64.Build.0 = Release|x64
		{45CDCFF0-7F57-457F-9706-C3C15E7EA597}.Release|x86.ActiveCfg = Release|Win32
		{45CDCFF0-7F57-457F-9706-C3C15E7EA597}.Release|x86.Build.0 = Release|Win32
		{393119AF-5F33-4130-9BE8-8A59EEBED07E}.Debug|Direct3D_64.ActiveCfg = Debug|x64
		{393119AF-5F33-4130-9BE8-8A59EEBED07E}.Debug|Direct3D_64.Build.0 = Debug|x64
		{393119AF-5F33-4130-9BE8-8A59EEBED07E}.Debug|OpenGL_32.ActiveCfg = Debug|Win32
		{393119AF-5F33-4130-9BE8-8A59EEBED07E}.Debug|OpenGL_32.Build.0 = Debug|Win32
		{393119AF-5F33-4130-9BE8-8A59EEBED07E}.Debug|x64.ActiveCfg = Debug|x64
		{393119AF-5F33-4130-9BE8-8A59EEBED07E}.Debug|x64.Build.0 = Debug|x64
		{393119AF-5F33-4130-9BE8-8A59EEBED07E}.Debug|x86.ActiveCfg = Debug|Win32
		{393119AF-5F33-4130-9BE8-8A59EEBED07E}.Debug|x86.Build.0 = Debug|Win32
		{393119AF-5F33-4130-9BE8-8A59EEBED07E}.Release|Direct3D_64.ActiveCfg = Release|x64
		{393119AF-5F33-4130-9BE8-8A59EEBED07E}.Release|Direct3D_64.Build.0 = Release|x64
		{393119AF-5F33-4130-9BE8-8A59EEBED07E}.Release|OpenGL_32.ActiveCfg = Release|Win32
		{393119AF-5F33-4130-9BE8-8A59EEBED07E}.Release|OpenGL_32.Build.0 = Release|Win32
		{393119AF-5F33-4130-9BE8-8A59EEBED07E}.Release|x64.ActiveCfg = Release|x64
		{393119AF-5F33-4130-9BE8-8A59EEBED07E}.Release|x64.Build.0 = Release|x64
		{393119AF-5F33-4130-9BE8-8A59EEBED07E}.Release|x86.ActiveCfg = Release|Win32
		{393119AF-5F33-4130-9BE8-8A59EEBED07E}.Release|x86.Build.0 = Release|Win32
		{9653A255-0309-403F-9193-DE569343011F}.Debug|Direct3D_64.ActiveCfg = Debug|x64
		{9653A255-0309-403F-9193-DE569343011F}.Debug|Direct3D_64.Build.0 = Debug|x64
		{9653A255-0309-403F-9193-DE569343011F}.Debug|OpenGL_32.ActiveCfg = Debug|Win32
		{9653A255-0309-403F-9193-DE569343011F}.Debug|OpenGL_32.Build.0 = Debug|Win32
		{9653A255-0309-403F-9193-DE569343011F}.Debug|x64.ActiveCfg = Debug|x64
		{9653A255-0309-403F-9193-DE569343011F}.Debug|x64.Build.0 = Debug|x64
		{9653A255-0309-403F-9193-DE569343011F}.Debug|x86.ActiveCfg = Debug|Win32
		{9653A255-0309-403F-9193-DE569343011F}.Debug|x86.Build.0 = Debug|Win32
		{9653A255-0309-403F-9193-DE569343011F}.Release|Direct3D_64.ActiveCfg = Release|x64
		{9653A255-0309-403F-9193-DE569343011F}.Release|Direct3D_64.Build.0 = Release|x64
		{9653A255-0309-403F-9193-DE569343011F}.Release|OpenGL_32.ActiveCfg = Release|Win32
		{9653A255-0309-403F-9193-DE569343011F}.Release|OpenGL_32.Build.0 = Release|Win32
		{9653A255-0309-403F-9193-DE569343011F}.Release|x64.ActiveCfg = Release|x64
		{9653A255-0309-403F-9193-DE569343011F}.Release|x64.Build.0 = Release|x64
		{9653A255-0309-403F-9193-DE569343011F}.Release|x86.ActiveCfg = Release|Win32
		{9653A255-0309-403F-9193-DE569343011F}.Release|x86.Build.0 = Release|Win32
		{5F8004A7-75AD-49AC-85C7-96D9B9F19533}.Debug|Direct3D_64.ActiveCfg = Debug|x64
		{5F8004A7-75AD-49AC-85C7-96D9B9F19533}.Debug|Direct3D_64.Build.0 = Debug|x64
		{5F8004A7-75AD-49AC-85C7-96D9B9F19533}.Debug|OpenGL_32.ActiveCfg = Debug|Win32
		{5F8004A7-75AD-49AC-85C7-96D9B9F19533}.Debug|OpenGL_32.Build.0 = Debug|Win32
		{5F8004A7-75AD-49AC-85C7-96D9B9F19533}.Debug|x64.ActiveCfg = Debug|x64
		{5F8004A7-75AD-49AC-85C7-96D9B9F19533}.Debug|x64.Build.0 = Debug|x64
		{5F8004A7-75AD-49AC-85C7-96D9B9F19533}.Debug|x86.ActiveCfg = Debug|Win32
		{5F8004A7-75AD-49AC-85C7-96D9B9F19533}.Debug|x86.Build.0 = Debug|Win32
		{5F8004A7-75AD-49AC-85C7-96D9B9F19533}.Release|Direct3D_64.ActiveCfg = Release|x64
		{5F8004A7-75AD-49AC-85C7-96D9B9F19533}.Release|Direct3D_64.Build.0 = Release|x64
		{5F8004A7-75AD-49AC-85C7-96D9B9F19533}.Release|OpenGL_32.ActiveCfg = Release|Win32
		{5F8004A7-75AD-49AC-85C7-96D9B9F19533}.Release|OpenGL_32.Build.0 = Release|Win32
		{5F8004A7-75AD-49AC-85C7-96D9B9F19533}.Release|x64.ActiveCfg = Release|x64
		{5F8004A7-75AD-49AC-85C7-96D9B9F19533}.Release|x64.Build.0 = Release|x64
		{5F8004A7-75AD-49AC-85C7-96D9B9F19533}.Release|x86.ActiveCfg = Release|Win32
		{5F8004A7-75AD-49AC-85C7-96D9B9F19533}.Release|x86.Build.0 = Release|Win32
		{C9BDAC7C-C59A-4367-A21D-0FEDABB93012}.Debug|Direct3D_64.ActiveCfg = Debug|x64
		{C9BDAC7C-C59A-4367-A21D-0FEDABB93012}.Debug|Direct3D_64.Build.0 = Debug|x64
		{C9BDAC7C-C59A-4367-A21D-0FEDABB93012}.Debug|OpenGL_32.ActiveCfg = Debug|Win32
		{C9BDAC7C-C59A-4367-A21D-0FEDABB93012}.Debug|OpenGL_32.Build.0 = Debug|Win32
		{C9BDAC7C-C59A-4367-A21D-0FEDABB93012}.Debug|x64.ActiveCfg = Debug|x64
		{C9BDAC7C-C59A-4367-A21D-0FEDABB93012}.Debug|x64.Build.0 = Debug|x64
		{C9BDAC7C-C59A-4367-A21D-0FEDABB93012}.Debug|x86.ActiveCfg = Debug|Win32
		{C9BDAC7C-C59A-4367-A21D-0FEDABB93012}.Debug|x86.Build.0 = Debug|Win32
		{C9BDAC7C-C59A-4367-A21D-0FEDABB93012}.Release|Direct3D_64.ActiveCfg = Release|x64
		{C9BDAC7C-C59A-4367-A21D-0FEDABB93012}.Release|Direct3D_64.Build.0 = Release|x64
		{C9BDAC7C-C59A-4367-A21D-0FEDABB93012}.Release|OpenGL_32.ActiveCfg = Release|Win32
		{C9BDAC7C-C59A-4367-A21D-0FEDABB93012}.Release|OpenGL_32.Build.0 = Release|Win32
		{C9BDAC7C-C59A-4367-A21D-0FEDABB93012}.Release|x64.ActiveCfg = Release|x64
		{C9BDAC7C-C59A-4367-A21D-0FEDABB93012}.Release|x64.Build.0 = Release|x64
		{C9BDAC7C-C59A-4367-A21D-0FEDABB93012}.Release|x86.ActiveCfg = Release|Win32
		{C9BDAC7C-C59A-4367-A21D-0FEDABB93012}.Release|x86.Build.0 = Release|Win32
		{188308ED-BF82-42CA-82C5-E59F94F5D9CB}.Debug|Direct3D_64.ActiveCfg = Debug|x64
		{188308ED-BF82-42CA-82C5-E59F94F5D9CB}.Debug|Direct3D_64.Build.0 = Debug|x64
		{188308ED-BF82-42CA-82C5-E59F94F5D9CB}.Debug|OpenGL_32.ActiveCfg = Debug|Win32
		{188308ED-BF82-42CA-82C5-E59F94F5D9CB}.Debug|OpenGL_32.Build.0 = Debug|Win32
		{188308ED-BF82-42CA-82C5-E59F94F5D9CB}.Debug|x64.ActiveCfg = Debug|x64
		{188308ED-BF82-42CA-82C5-E59F94F5D9CB}.Debug|x64.Build.0 = Debug|x64
		{188308ED-BF82-42CA-82C5-E59F94F5D9CB}.Debug|x86.ActiveCfg = Debug|Win32
		{188308ED-BF82-42CA-82C5-E59F94F5D9CB}.Debug|x86.Build.0 = Debug|Win32
		{188308ED-BF82-42CA-82C5-E59F94F5D9CB}.Release|Direct3D_64.ActiveCfg = Release|x64
		{188308ED-BF82-42CA-82C5-E59F94F5D9CB}.Release|Direct3D_64.Build.0 = Release|x64
		{188308ED-BF82-42CA-82C5-E59F94F5D9CB}.Release|OpenGL_32.ActiveCfg = Release|Win32
		{188308ED-BF82-42CA-82C5-E59F94F5D9CB}.Release|OpenGL_32.Build.0 = Release|Win32
		{188308ED-BF82-42CA-82C5-E59F94F5D9CB}.Release|x64.ActiveCfg = Release|x64
		{188308ED-BF82-42CA-82C5-E59F94F5D9CB}.Release|x64.Build.0 = Release|x64
		{188308ED-BF82-42CA-82C5-E59F94F5D9CB}.Release|x86.ActiveCfg = Release|Win32
		{188308ED-BF82-42CA-82C5-E59F94F5D9CB}.Release|x86.Build.0 = Release|Win32
	EndGlobalSection
	GlobalSection(SolutionProperties) = preSolution
		HideSolutionNode = FALSE
	EndGlobalSection
	GlobalSection(NestedProjects) = preSolution
		{ABF804FE-993A-43E2-A242-F3090A290B12} = {6B899BD4-DED1-4FA4-8977-2E9B833A28C0}
		{3670C64E-AAA0-4056-BF89-744D0276F609} = {3E9A6AD6-687B-4EF6-9B62-FD2FFD53AF19}
		{433FF686-9527-4C97-8EF4-060152A428B5} = {3E9A6AD6-687B-4EF6-9B62-FD2FFD53AF19}
		{F723F575-2880-414B-81E2-91D5A94D6D78} = {90DE69CF-2B2D-47B9-9051-7EA5CB793101}
		{3BAFE54D-2980-4739-A207-D41F6AD991A6} = {90DE69CF-2B2D-47B9-9051-7EA5CB793101}
		{667D20A5-AE0C-46C3-AD0D-EB86AFA01814} = {90DE69CF-2B2D-47B9-9051-7EA5CB793101}
		{C95A0086-DA16-4D42-AC65-0CBC61E2F8F1} = {5B3B2F63-B0D3-41C9-8682-CC6D485F8AF5}
		{45CDCFF0-7F57-457F-9706-C3C15E7EA597} = {4D385BB1-3DC5-47B8-9FDC-5159B7BCD4E9}
		{393119AF-5F33-4130-9BE8-8A59EEBED07E} = {4D385BB1-3DC5-47B8-9FDC-5159B7BCD4E9}
		{9653A255-0309-403F-9193-DE569343011F} = {4D385BB1-3DC5-47B8-9FDC-5159B7BCD4E9}
		{4D385BB1-3DC5-47B8-9FDC-5159B7BCD4E9} = {5B3B2F63-B0D3-41C9-8682-CC6D485F8AF5}
		{5F8004A7-75AD-49AC-85C7-96D9B9F19533} = {6B899BD4-DED1-4FA4-8977-2E9B833A28C0}
		{C9BDAC7C-C59A-4367-A21D-0FEDABB93012} = {6B899BD4-DED1-4FA4-8977-2E9B833A28C0}
		{188308ED-BF82-42CA-82C5-E59F94F5D9CB} = {6B899BD4-DED1-4FA4-8977-2E9B833A28C0}
	EndGlobalSection
EndGlobal
