<?xml version="1.0" encoding="utf-8"?>
<Project ToolsVersion="4.0" xmlns="http://schemas.microsoft.com/developer/msbuild/2003">
  <ItemGroup>
    <ClCompile Include="EntryPoint.cpp" />
    <ClCompile Include="AssetBuilder.cpp" />
  </ItemGroup>
  <ItemGroup>
    <ClInclude Include="AssetBuilder.h" />
  </ItemGroup>
  <ItemGroup>
    <Filter Include="Scripts">
      <UniqueIdentifier>{51bff56e-df68-4523-980a-70ee8238968b}</UniqueIdentifier>
    </Filter>
  </ItemGroup>
  <ItemGroup>
    <None Include="..\..\..\Assets\Scripts\BuildAssets.lua">
      <Filter>Scripts</Filter>
    </None>
  </ItemGroup>
</Project>